
Microsoft Visual Studio Solution File, Format Version 12.00
# Visual Studio Version 16
VisualStudioVersion = 16.0.30104.148
MinimumVisualStudioVersion = 10.0.40219.1
Project("{9A19103F-16F7-4668-BE54-9A1E7A4F7556}") = "CognizantReflect.Api", "CognizantReflect.Api\CognizantReflect.Api.csproj", "{178FEEF1-914F-4595-85B3-1D60B9391FEA}"
EndProject
Project("{FAE04EC0-301F-11D3-BF4B-00C04F79EFBC}") = "CognizantReflect.Tests", "CognizantReflect.Tests\CognizantReflect.Tests.csproj", "{A20A0A06-8DE4-4BBE-AC41-4ED32176075A}"
EndProject
Global
	GlobalSection(SolutionConfigurationPlatforms) = preSolution
		Debug|Any CPU = Debug|Any CPU
		Release|Any CPU = Release|Any CPU
	EndGlobalSection
	GlobalSection(ProjectConfigurationPlatforms) = postSolution
		{178FEEF1-914F-4595-85B3-1D60B9391FEA}.Debug|Any CPU.ActiveCfg = Debug|Any CPU
		{178FEEF1-914F-4595-85B3-1D60B9391FEA}.Debug|Any CPU.Build.0 = Debug|Any CPU
		{178FEEF1-914F-4595-85B3-1D60B9391FEA}.Release|Any CPU.ActiveCfg = Release|Any CPU
		{178FEEF1-914F-4595-85B3-1D60B9391FEA}.Release|Any CPU.Build.0 = Release|Any CPU
		{A20A0A06-8DE4-4BBE-AC41-4ED32176075A}.Debug|Any CPU.ActiveCfg = Debug|Any CPU
		{A20A0A06-8DE4-4BBE-AC41-4ED32176075A}.Debug|Any CPU.Build.0 = Debug|Any CPU
		{A20A0A06-8DE4-4BBE-AC41-4ED32176075A}.Release|Any CPU.ActiveCfg = Release|Any CPU
		{A20A0A06-8DE4-4BBE-AC41-4ED32176075A}.Release|Any CPU.Build.0 = Release|Any CPU
	EndGlobalSection
	GlobalSection(SolutionProperties) = preSolution
		HideSolutionNode = FALSE
	EndGlobalSection
	GlobalSection(ExtensibilityGlobals) = postSolution
		SolutionGuid = {A9DF4F71-BEE5-4861-896B-DB7F6F1E13F4}
	EndGlobalSection
EndGlobal
