
Microsoft Visual Studio Solution File, Format Version 12.00
# Visual Studio Version 16
VisualStudioVersion = 16.0.30114.105
MinimumVisualStudioVersion = 10.0.40219.1
Project("{9A19103F-16F7-4668-BE54-9A1E7A4F7556}") = "ReflectUser.API", "ReflectUser.API\ReflectUser.API.csproj", "{8436BF34-346C-4171-84A1-E3CDD5C78233}"
EndProject
Project("{FAE04EC0-301F-11D3-BF4B-00C04F79EFBC}") = "ReflectUser.Tests", "ReflectUser.Tests\ReflectUser.Tests.csproj", "{F93FE3B1-1367-40A1-91B2-27F4943F9566}"
EndProject
Global
	GlobalSection(SolutionConfigurationPlatforms) = preSolution
		Debug|Any CPU = Debug|Any CPU
		Release|Any CPU = Release|Any CPU
	EndGlobalSection
	GlobalSection(ProjectConfigurationPlatforms) = postSolution
		{8436BF34-346C-4171-84A1-E3CDD5C78233}.Debug|Any CPU.ActiveCfg = Debug|Any CPU
		{8436BF34-346C-4171-84A1-E3CDD5C78233}.Debug|Any CPU.Build.0 = Debug|Any CPU
		{8436BF34-346C-4171-84A1-E3CDD5C78233}.Release|Any CPU.ActiveCfg = Release|Any CPU
		{8436BF34-346C-4171-84A1-E3CDD5C78233}.Release|Any CPU.Build.0 = Release|Any CPU
		{F93FE3B1-1367-40A1-91B2-27F4943F9566}.Debug|Any CPU.ActiveCfg = Debug|Any CPU
		{F93FE3B1-1367-40A1-91B2-27F4943F9566}.Debug|Any CPU.Build.0 = Debug|Any CPU
		{F93FE3B1-1367-40A1-91B2-27F4943F9566}.Release|Any CPU.ActiveCfg = Release|Any CPU
		{F93FE3B1-1367-40A1-91B2-27F4943F9566}.Release|Any CPU.Build.0 = Release|Any CPU
	EndGlobalSection
	GlobalSection(SolutionProperties) = preSolution
		HideSolutionNode = FALSE
	EndGlobalSection
	GlobalSection(ExtensibilityGlobals) = postSolution
		SolutionGuid = {7E8A09BC-330E-4B34-8E60-23C710551A80}
	EndGlobalSection
EndGlobal
